// !$*UTF8*$!
{
	archiveVersion = 1;
	classes = {
	};
	objectVersion = 50;
	objects = {

/* Begin PBXBuildFile section */
		5964892A222EEE2D00B6C6B1 /* ProfileDetailsViewController.swift in Sources */ = {isa = PBXBuildFile; fileRef = 59648929222EEE2D00B6C6B1 /* ProfileDetailsViewController.swift */; };
		5979C23C222C19D20043AD84 /* MakeProfileViewController.swift in Sources */ = {isa = PBXBuildFile; fileRef = 5979C23B222C19D20043AD84 /* MakeProfileViewController.swift */; };
		59C2ECB0220CD81A002CA2F8 /* AppDelegate.swift in Sources */ = {isa = PBXBuildFile; fileRef = 59C2ECAF220CD81A002CA2F8 /* AppDelegate.swift */; };
		59C2ECB2220CD81A002CA2F8 /* ViewController.swift in Sources */ = {isa = PBXBuildFile; fileRef = 59C2ECB1220CD81A002CA2F8 /* ViewController.swift */; };
		59C2ECB5220CD81A002CA2F8 /* Main.storyboard in Resources */ = {isa = PBXBuildFile; fileRef = 59C2ECB3220CD81A002CA2F8 /* Main.storyboard */; };
		59C2ECB7220CD820002CA2F8 /* Assets.xcassets in Resources */ = {isa = PBXBuildFile; fileRef = 59C2ECB6220CD820002CA2F8 /* Assets.xcassets */; };
		59C2ECBA220CD820002CA2F8 /* LaunchScreen.storyboard in Resources */ = {isa = PBXBuildFile; fileRef = 59C2ECB8220CD820002CA2F8 /* LaunchScreen.storyboard */; };
		59C2ECC5220CD820002CA2F8 /* EagleSwapTests.swift in Sources */ = {isa = PBXBuildFile; fileRef = 59C2ECC4220CD820002CA2F8 /* EagleSwapTests.swift */; };
		59C2ECD0220CD820002CA2F8 /* EagleSwapUITests.swift in Sources */ = {isa = PBXBuildFile; fileRef = 59C2ECCF220CD820002CA2F8 /* EagleSwapUITests.swift */; };
		59D8B963222CE969005BE7BC /* GoogleService-Info.plist in Resources */ = {isa = PBXBuildFile; fileRef = 59D8B962222CE969005BE7BC /* GoogleService-Info.plist */; };
		59D8B965222D85A5005BE7BC /* MarketplaceViewController.swift in Sources */ = {isa = PBXBuildFile; fileRef = 59D8B964222D85A5005BE7BC /* MarketplaceViewController.swift */; };
		D94EA528FCD0330FE3054E0D /* libPods-EagleSwap.a in Frameworks */ = {isa = PBXBuildFile; fileRef = 42A9562F1225C538DEE4472C /* libPods-EagleSwap.a */; };
/* End PBXBuildFile section */

/* Begin PBXContainerItemProxy section */
		59C2ECC1220CD820002CA2F8 /* PBXContainerItemProxy */ = {
			isa = PBXContainerItemProxy;
			containerPortal = 59C2ECA4220CD81A002CA2F8 /* Project object */;
			proxyType = 1;
			remoteGlobalIDString = 59C2ECAB220CD81A002CA2F8;
			remoteInfo = EagleSwap;
		};
		59C2ECCC220CD820002CA2F8 /* PBXContainerItemProxy */ = {
			isa = PBXContainerItemProxy;
			containerPortal = 59C2ECA4220CD81A002CA2F8 /* Project object */;
			proxyType = 1;
			remoteGlobalIDString = 59C2ECAB220CD81A002CA2F8;
			remoteInfo = EagleSwap;
		};
/* End PBXContainerItemProxy section */

/* Begin PBXFileReference section */
		42A9562F1225C538DEE4472C /* libPods-EagleSwap.a */ = {isa = PBXFileReference; explicitFileType = archive.ar; includeInIndex = 0; path = "libPods-EagleSwap.a"; sourceTree = BUILT_PRODUCTS_DIR; };
		4634C29CE4CF693BD8A7D80B /* Pods-EagleSwap.release.xcconfig */ = {isa = PBXFileReference; includeInIndex = 1; lastKnownFileType = text.xcconfig; name = "Pods-EagleSwap.release.xcconfig"; path = "Pods/Target Support Files/Pods-EagleSwap/Pods-EagleSwap.release.xcconfig"; sourceTree = "<group>"; };
		4F59417BEE85376A66B2CA5A /* Pods-EagleSwap.debug.xcconfig */ = {isa = PBXFileReference; includeInIndex = 1; lastKnownFileType = text.xcconfig; name = "Pods-EagleSwap.debug.xcconfig"; path = "Pods/Target Support Files/Pods-EagleSwap/Pods-EagleSwap.debug.xcconfig"; sourceTree = "<group>"; };
		59648929222EEE2D00B6C6B1 /* ProfileDetailsViewController.swift */ = {isa = PBXFileReference; lastKnownFileType = sourcecode.swift; path = ProfileDetailsViewController.swift; sourceTree = "<group>"; };
		5979C23B222C19D20043AD84 /* MakeProfileViewController.swift */ = {isa = PBXFileReference; lastKnownFileType = sourcecode.swift; path = MakeProfileViewController.swift; sourceTree = "<group>"; };
		59C2ECAC220CD81A002CA2F8 /* EagleSwap.app */ = {isa = PBXFileReference; explicitFileType = wrapper.application; includeInIndex = 0; path = EagleSwap.app; sourceTree = BUILT_PRODUCTS_DIR; };
		59C2ECAF220CD81A002CA2F8 /* AppDelegate.swift */ = {isa = PBXFileReference; lastKnownFileType = sourcecode.swift; path = AppDelegate.swift; sourceTree = "<group>"; };
		59C2ECB1220CD81A002CA2F8 /* ViewController.swift */ = {isa = PBXFileReference; lastKnownFileType = sourcecode.swift; path = ViewController.swift; sourceTree = "<group>"; };
		59C2ECB4220CD81A002CA2F8 /* Base */ = {isa = PBXFileReference; lastKnownFileType = file.storyboard; name = Base; path = Base.lproj/Main.storyboard; sourceTree = "<group>"; };
		59C2ECB6220CD820002CA2F8 /* Assets.xcassets */ = {isa = PBXFileReference; lastKnownFileType = folder.assetcatalog; path = Assets.xcassets; sourceTree = "<group>"; };
		59C2ECB9220CD820002CA2F8 /* Base */ = {isa = PBXFileReference; lastKnownFileType = file.storyboard; name = Base; path = Base.lproj/LaunchScreen.storyboard; sourceTree = "<group>"; };
		59C2ECBB220CD820002CA2F8 /* Info.plist */ = {isa = PBXFileReference; lastKnownFileType = text.plist.xml; path = Info.plist; sourceTree = "<group>"; };
		59C2ECC0220CD820002CA2F8 /* EagleSwapTests.xctest */ = {isa = PBXFileReference; explicitFileType = wrapper.cfbundle; includeInIndex = 0; path = EagleSwapTests.xctest; sourceTree = BUILT_PRODUCTS_DIR; };
		59C2ECC4220CD820002CA2F8 /* EagleSwapTests.swift */ = {isa = PBXFileReference; lastKnownFileType = sourcecode.swift; path = EagleSwapTests.swift; sourceTree = "<group>"; };
		59C2ECC6220CD820002CA2F8 /* Info.plist */ = {isa = PBXFileReference; lastKnownFileType = text.plist.xml; path = Info.plist; sourceTree = "<group>"; };
		59C2ECCB220CD820002CA2F8 /* EagleSwapUITests.xctest */ = {isa = PBXFileReference; explicitFileType = wrapper.cfbundle; includeInIndex = 0; path = EagleSwapUITests.xctest; sourceTree = BUILT_PRODUCTS_DIR; };
		59C2ECCF220CD820002CA2F8 /* EagleSwapUITests.swift */ = {isa = PBXFileReference; lastKnownFileType = sourcecode.swift; path = EagleSwapUITests.swift; sourceTree = "<group>"; };
		59C2ECD1220CD820002CA2F8 /* Info.plist */ = {isa = PBXFileReference; lastKnownFileType = text.plist.xml; path = Info.plist; sourceTree = "<group>"; };
		59D8B962222CE969005BE7BC /* GoogleService-Info.plist */ = {isa = PBXFileReference; fileEncoding = 4; lastKnownFileType = text.plist.xml; name = "GoogleService-Info.plist"; path = "../../../../Downloads/GoogleService-Info.plist"; sourceTree = "<group>"; };
		59D8B964222D85A5005BE7BC /* MarketplaceViewController.swift */ = {isa = PBXFileReference; lastKnownFileType = sourcecode.swift; path = MarketplaceViewController.swift; sourceTree = "<group>"; };
/* End PBXFileReference section */

/* Begin PBXFrameworksBuildPhase section */
		59C2ECA9220CD81A002CA2F8 /* Frameworks */ = {
			isa = PBXFrameworksBuildPhase;
			buildActionMask = 2147483647;
			files = (
				D94EA528FCD0330FE3054E0D /* libPods-EagleSwap.a in Frameworks */,
			);
			runOnlyForDeploymentPostprocessing = 0;
		};
		59C2ECBD220CD820002CA2F8 /* Frameworks */ = {
			isa = PBXFrameworksBuildPhase;
			buildActionMask = 2147483647;
			files = (
			);
			runOnlyForDeploymentPostprocessing = 0;
		};
		59C2ECC8220CD820002CA2F8 /* Frameworks */ = {
			isa = PBXFrameworksBuildPhase;
			buildActionMask = 2147483647;
			files = (
			);
			runOnlyForDeploymentPostprocessing = 0;
		};
/* End PBXFrameworksBuildPhase section */

/* Begin PBXGroup section */
		1D57030590ABECBE81D89EA9 /* Frameworks */ = {
			isa = PBXGroup;
			children = (
				42A9562F1225C538DEE4472C /* libPods-EagleSwap.a */,
			);
			name = Frameworks;
			sourceTree = "<group>";
		};
		59C2ECA3220CD81A002CA2F8 = {
			isa = PBXGroup;
			children = (
				59C2ECAE220CD81A002CA2F8 /* EagleSwap */,
				59C2ECC3220CD820002CA2F8 /* EagleSwapTests */,
				59C2ECCE220CD820002CA2F8 /* EagleSwapUITests */,
				59C2ECAD220CD81A002CA2F8 /* Products */,
				8BFD13FC6C9B730EC8F4A524 /* Pods */,
				1D57030590ABECBE81D89EA9 /* Frameworks */,
			);
			sourceTree = "<group>";
		};
		59C2ECAD220CD81A002CA2F8 /* Products */ = {
			isa = PBXGroup;
			children = (
				59C2ECAC220CD81A002CA2F8 /* EagleSwap.app */,
				59C2ECC0220CD820002CA2F8 /* EagleSwapTests.xctest */,
				59C2ECCB220CD820002CA2F8 /* EagleSwapUITests.xctest */,
			);
			name = Products;
			sourceTree = "<group>";
		};
		59C2ECAE220CD81A002CA2F8 /* EagleSwap */ = {
			isa = PBXGroup;
			children = (
				59C2ECAF220CD81A002CA2F8 /* AppDelegate.swift */,
				59C2ECB1220CD81A002CA2F8 /* ViewController.swift */,
				5979C23B222C19D20043AD84 /* MakeProfileViewController.swift */,
				59D8B964222D85A5005BE7BC /* MarketplaceViewController.swift */,
				59648929222EEE2D00B6C6B1 /* ProfileDetailsViewController.swift */,
				59C2ECB3220CD81A002CA2F8 /* Main.storyboard */,
				59C2ECB6220CD820002CA2F8 /* Assets.xcassets */,
				59C2ECB8220CD820002CA2F8 /* LaunchScreen.storyboard */,
				59C2ECBB220CD820002CA2F8 /* Info.plist */,
				59D8B962222CE969005BE7BC /* GoogleService-Info.plist */,
			);
			path = EagleSwap;
			sourceTree = "<group>";
		};
		59C2ECC3220CD820002CA2F8 /* EagleSwapTests */ = {
			isa = PBXGroup;
			children = (
				59C2ECC4220CD820002CA2F8 /* EagleSwapTests.swift */,
				59C2ECC6220CD820002CA2F8 /* Info.plist */,
			);
			path = EagleSwapTests;
			sourceTree = "<group>";
		};
		59C2ECCE220CD820002CA2F8 /* EagleSwapUITests */ = {
			isa = PBXGroup;
			children = (
				59C2ECCF220CD820002CA2F8 /* EagleSwapUITests.swift */,
				59C2ECD1220CD820002CA2F8 /* Info.plist */,
			);
			path = EagleSwapUITests;
			sourceTree = "<group>";
		};
		8BFD13FC6C9B730EC8F4A524 /* Pods */ = {
			isa = PBXGroup;
			children = (
				4F59417BEE85376A66B2CA5A /* Pods-EagleSwap.debug.xcconfig */,
				4634C29CE4CF693BD8A7D80B /* Pods-EagleSwap.release.xcconfig */,
			);
			name = Pods;
			sourceTree = "<group>";
		};
/* End PBXGroup section */

/* Begin PBXNativeTarget section */
		59C2ECAB220CD81A002CA2F8 /* EagleSwap */ = {
			isa = PBXNativeTarget;
			buildConfigurationList = 59C2ECD4220CD820002CA2F8 /* Build configuration list for PBXNativeTarget "EagleSwap" */;
			buildPhases = (
				19F2A30A0A1AE7F9C43A78F3 /* [CP] Check Pods Manifest.lock */,
				59C2ECA8220CD81A002CA2F8 /* Sources */,
				59C2ECA9220CD81A002CA2F8 /* Frameworks */,
				59C2ECAA220CD81A002CA2F8 /* Resources */,
			);
			buildRules = (
			);
			dependencies = (
			);
			name = EagleSwap;
			productName = EagleSwap;
			productReference = 59C2ECAC220CD81A002CA2F8 /* EagleSwap.app */;
			productType = "com.apple.product-type.application";
		};
		59C2ECBF220CD820002CA2F8 /* EagleSwapTests */ = {
			isa = PBXNativeTarget;
			buildConfigurationList = 59C2ECD7220CD820002CA2F8 /* Build configuration list for PBXNativeTarget "EagleSwapTests" */;
			buildPhases = (
				59C2ECBC220CD820002CA2F8 /* Sources */,
				59C2ECBD220CD820002CA2F8 /* Frameworks */,
				59C2ECBE220CD820002CA2F8 /* Resources */,
			);
			buildRules = (
			);
			dependencies = (
				59C2ECC2220CD820002CA2F8 /* PBXTargetDependency */,
			);
			name = EagleSwapTests;
			productName = EagleSwapTests;
			productReference = 59C2ECC0220CD820002CA2F8 /* EagleSwapTests.xctest */;
			productType = "com.apple.product-type.bundle.unit-test";
		};
		59C2ECCA220CD820002CA2F8 /* EagleSwapUITests */ = {
			isa = PBXNativeTarget;
			buildConfigurationList = 59C2ECDA220CD820002CA2F8 /* Build configuration list for PBXNativeTarget "EagleSwapUITests" */;
			buildPhases = (
				59C2ECC7220CD820002CA2F8 /* Sources */,
				59C2ECC8220CD820002CA2F8 /* Frameworks */,
				59C2ECC9220CD820002CA2F8 /* Resources */,
			);
			buildRules = (
			);
			dependencies = (
				59C2ECCD220CD820002CA2F8 /* PBXTargetDependency */,
			);
			name = EagleSwapUITests;
			productName = EagleSwapUITests;
			productReference = 59C2ECCB220CD820002CA2F8 /* EagleSwapUITests.xctest */;
			productType = "com.apple.product-type.bundle.ui-testing";
		};
/* End PBXNativeTarget section */

/* Begin PBXProject section */
		59C2ECA4220CD81A002CA2F8 /* Project object */ = {
			isa = PBXProject;
			attributes = {
				LastSwiftUpdateCheck = 1010;
				LastUpgradeCheck = 1010;
				ORGANIZATIONNAME = "Jack Antico";
				TargetAttributes = {
					59C2ECAB220CD81A002CA2F8 = {
						CreatedOnToolsVersion = 10.1;
					};
					59C2ECBF220CD820002CA2F8 = {
						CreatedOnToolsVersion = 10.1;
						TestTargetID = 59C2ECAB220CD81A002CA2F8;
					};
					59C2ECCA220CD820002CA2F8 = {
						CreatedOnToolsVersion = 10.1;
						TestTargetID = 59C2ECAB220CD81A002CA2F8;
					};
				};
			};
			buildConfigurationList = 59C2ECA7220CD81A002CA2F8 /* Build configuration list for PBXProject "EagleSwap" */;
			compatibilityVersion = "Xcode 9.3";
			developmentRegion = en;
			hasScannedForEncodings = 0;
			knownRegions = (
				en,
				Base,
			);
			mainGroup = 59C2ECA3220CD81A002CA2F8;
			productRefGroup = 59C2ECAD220CD81A002CA2F8 /* Products */;
			projectDirPath = "";
			projectRoot = "";
			targets = (
				59C2ECAB220CD81A002CA2F8 /* EagleSwap */,
				59C2ECBF220CD820002CA2F8 /* EagleSwapTests */,
				59C2ECCA220CD820002CA2F8 /* EagleSwapUITests */,
			);
		};
/* End PBXProject section */

/* Begin PBXResourcesBuildPhase section */
		59C2ECAA220CD81A002CA2F8 /* Resources */ = {
			isa = PBXResourcesBuildPhase;
			buildActionMask = 2147483647;
			files = (
				59C2ECBA220CD820002CA2F8 /* LaunchScreen.storyboard in Resources */,
				59D8B963222CE969005BE7BC /* GoogleService-Info.plist in Resources */,
				59C2ECB7220CD820002CA2F8 /* Assets.xcassets in Resources */,
				59C2ECB5220CD81A002CA2F8 /* Main.storyboard in Resources */,
			);
			runOnlyForDeploymentPostprocessing = 0;
		};
		59C2ECBE220CD820002CA2F8 /* Resources */ = {
			isa = PBXResourcesBuildPhase;
			buildActionMask = 2147483647;
			files = (
			);
			runOnlyForDeploymentPostprocessing = 0;
		};
		59C2ECC9220CD820002CA2F8 /* Resources */ = {
			isa = PBXResourcesBuildPhase;
			buildActionMask = 2147483647;
			files = (
			);
			runOnlyForDeploymentPostprocessing = 0;
		};
/* End PBXResourcesBuildPhase section */

/* Begin PBXShellScriptBuildPhase section */
		19F2A30A0A1AE7F9C43A78F3 /* [CP] Check Pods Manifest.lock */ = {
			isa = PBXShellScriptBuildPhase;
			buildActionMask = 2147483647;
			files = (
			);
			inputFileListPaths = (
			);
			inputPaths = (
				"${PODS_PODFILE_DIR_PATH}/Podfile.lock",
				"${PODS_ROOT}/Manifest.lock",
			);
			name = "[CP] Check Pods Manifest.lock";
			outputFileListPaths = (
			);
			outputPaths = (
				"$(DERIVED_FILE_DIR)/Pods-EagleSwap-checkManifestLockResult.txt",
			);
			runOnlyForDeploymentPostprocessing = 0;
			shellPath = /bin/sh;
			shellScript = "diff \"${PODS_PODFILE_DIR_PATH}/Podfile.lock\" \"${PODS_ROOT}/Manifest.lock\" > /dev/null\nif [ $? != 0 ] ; then\n    # print error to STDERR\n    echo \"error: The sandbox is not in sync with the Podfile.lock. Run 'pod install' or update your CocoaPods installation.\" >&2\n    exit 1\nfi\n# This output is used by Xcode 'outputs' to avoid re-running this script phase.\necho \"SUCCESS\" > \"${SCRIPT_OUTPUT_FILE_0}\"\n";
			showEnvVarsInLog = 0;
		};
/* End PBXShellScriptBuildPhase section */

/* Begin PBXSourcesBuildPhase section */
		59C2ECA8220CD81A002CA2F8 /* Sources */ = {
			isa = PBXSourcesBuildPhase;
			buildActionMask = 2147483647;
			files = (
				59C2ECB2220CD81A002CA2F8 /* ViewController.swift in Sources */,
				5964892A222EEE2D00B6C6B1 /* ProfileDetailsViewController.swift in Sources */,
				5979C23C222C19D20043AD84 /* MakeProfileViewController.swift in Sources */,
				59D8B965222D85A5005BE7BC /* MarketplaceViewController.swift in Sources */,
				59C2ECB0220CD81A002CA2F8 /* AppDelegate.swift in Sources */,
			);
			runOnlyForDeploymentPostprocessing = 0;
		};
		59C2ECBC220CD820002CA2F8 /* Sources */ = {
			isa = PBXSourcesBuildPhase;
			buildActionMask = 2147483647;
			files = (
				59C2ECC5220CD820002CA2F8 /* EagleSwapTests.swift in Sources */,
			);
			runOnlyForDeploymentPostprocessing = 0;
		};
		59C2ECC7220CD820002CA2F8 /* Sources */ = {
			isa = PBXSourcesBuildPhase;
			buildActionMask = 2147483647;
			files = (
				59C2ECD0220CD820002CA2F8 /* EagleSwapUITests.swift in Sources */,
			);
			runOnlyForDeploymentPostprocessing = 0;
		};
/* End PBXSourcesBuildPhase section */

/* Begin PBXTargetDependency section */
		59C2ECC2220CD820002CA2F8 /* PBXTargetDependency */ = {
			isa = PBXTargetDependency;
			target = 59C2ECAB220CD81A002CA2F8 /* EagleSwap */;
			targetProxy = 59C2ECC1220CD820002CA2F8 /* PBXContainerItemProxy */;
		};
		59C2ECCD220CD820002CA2F8 /* PBXTargetDependency */ = {
			isa = PBXTargetDependency;
			target = 59C2ECAB220CD81A002CA2F8 /* EagleSwap */;
			targetProxy = 59C2ECCC220CD820002CA2F8 /* PBXContainerItemProxy */;
		};
/* End PBXTargetDependency section */

/* Begin PBXVariantGroup section */
		59C2ECB3220CD81A002CA2F8 /* Main.storyboard */ = {
			isa = PBXVariantGroup;
			children = (
				59C2ECB4220CD81A002CA2F8 /* Base */,
			);
			name = Main.storyboard;
			sourceTree = "<group>";
		};
		59C2ECB8220CD820002CA2F8 /* LaunchScreen.storyboard */ = {
			isa = PBXVariantGroup;
			children = (
				59C2ECB9220CD820002CA2F8 /* Base */,
			);
			name = LaunchScreen.storyboard;
			sourceTree = "<group>";
		};
/* End PBXVariantGroup section */

/* Begin XCBuildConfiguration section */
		59C2ECD2220CD820002CA2F8 /* Debug */ = {
			isa = XCBuildConfiguration;
			buildSettings = {
				ALWAYS_SEARCH_USER_PATHS = NO;
				CLANG_ANALYZER_NONNULL = YES;
				CLANG_ANALYZER_NUMBER_OBJECT_CONVERSION = YES_AGGRESSIVE;
				CLANG_CXX_LANGUAGE_STANDARD = "gnu++14";
				CLANG_CXX_LIBRARY = "libc++";
				CLANG_ENABLE_MODULES = YES;
				CLANG_ENABLE_OBJC_ARC = YES;
				CLANG_ENABLE_OBJC_WEAK = YES;
				CLANG_WARN_BLOCK_CAPTURE_AUTORELEASING = YES;
				CLANG_WARN_BOOL_CONVERSION = YES;
				CLANG_WARN_COMMA = YES;
				CLANG_WARN_CONSTANT_CONVERSION = YES;
				CLANG_WARN_DEPRECATED_OBJC_IMPLEMENTATIONS = YES;
				CLANG_WARN_DIRECT_OBJC_ISA_USAGE = YES_ERROR;
				CLANG_WARN_DOCUMENTATION_COMMENTS = YES;
				CLANG_WARN_EMPTY_BODY = YES;
				CLANG_WARN_ENUM_CONVERSION = YES;
				CLANG_WARN_INFINITE_RECURSION = YES;
				CLANG_WARN_INT_CONVERSION = YES;
				CLANG_WARN_NON_LITERAL_NULL_CONVERSION = YES;
				CLANG_WARN_OBJC_IMPLICIT_RETAIN_SELF = YES;
				CLANG_WARN_OBJC_LITERAL_CONVERSION = YES;
				CLANG_WARN_OBJC_ROOT_CLASS = YES_ERROR;
				CLANG_WARN_RANGE_LOOP_ANALYSIS = YES;
				CLANG_WARN_STRICT_PROTOTYPES = YES;
				CLANG_WARN_SUSPICIOUS_MOVE = YES;
				CLANG_WARN_UNGUARDED_AVAILABILITY = YES_AGGRESSIVE;
				CLANG_WARN_UNREACHABLE_CODE = YES;
				CLANG_WARN__DUPLICATE_METHOD_MATCH = YES;
				CODE_SIGN_IDENTITY = "iPhone Developer";
				COPY_PHASE_STRIP = NO;
				DEBUG_INFORMATION_FORMAT = dwarf;
				ENABLE_STRICT_OBJC_MSGSEND = YES;
				ENABLE_TESTABILITY = YES;
				GCC_C_LANGUAGE_STANDARD = gnu11;
				GCC_DYNAMIC_NO_PIC = NO;
				GCC_NO_COMMON_BLOCKS = YES;
				GCC_OPTIMIZATION_LEVEL = 0;
				GCC_PREPROCESSOR_DEFINITIONS = (
					"DEBUG=1",
					"$(inherited)",
				);
				GCC_WARN_64_TO_32_BIT_CONVERSION = YES;
				GCC_WARN_ABOUT_RETURN_TYPE = YES_ERROR;
				GCC_WARN_UNDECLARED_SELECTOR = YES;
				GCC_WARN_UNINITIALIZED_AUTOS = YES_AGGRESSIVE;
				GCC_WARN_UNUSED_FUNCTION = YES;
				GCC_WARN_UNUSED_VARIABLE = YES;
				IPHONEOS_DEPLOYMENT_TARGET = 12.1;
				MTL_ENABLE_DEBUG_INFO = INCLUDE_SOURCE;
				MTL_FAST_MATH = YES;
				ONLY_ACTIVE_ARCH = YES;
				SDKROOT = iphoneos;
				SWIFT_ACTIVE_COMPILATION_CONDITIONS = DEBUG;
				SWIFT_OPTIMIZATION_LEVEL = "-Onone";
			};
			name = Debug;
		};
		59C2ECD3220CD820002CA2F8 /* Release */ = {
			isa = XCBuildConfiguration;
			buildSettings = {
				ALWAYS_SEARCH_USER_PATHS = NO;
				CLANG_ANALYZER_NONNULL = YES;
				CLANG_ANALYZER_NUMBER_OBJECT_CONVERSION = YES_AGGRESSIVE;
				CLANG_CXX_LANGUAGE_STANDARD = "gnu++14";
				CLANG_CXX_LIBRARY = "libc++";
				CLANG_ENABLE_MODULES = YES;
				CLANG_ENABLE_OBJC_ARC = YES;
				CLANG_ENABLE_OBJC_WEAK = YES;
				CLANG_WARN_BLOCK_CAPTURE_AUTORELEASING = YES;
				CLANG_WARN_BOOL_CONVERSION = YES;
				CLANG_WARN_COMMA = YES;
				CLANG_WARN_CONSTANT_CONVERSION = YES;
				CLANG_WARN_DEPRECATED_OBJC_IMPLEMENTATIONS = YES;
				CLANG_WARN_DIRECT_OBJC_ISA_USAGE = YES_ERROR;
				CLANG_WARN_DOCUMENTATION_COMMENTS = YES;
				CLANG_WARN_EMPTY_BODY = YES;
				CLANG_WARN_ENUM_CONVERSION = YES;
				CLANG_WARN_INFINITE_RECURSION = YES;
				CLANG_WARN_INT_CONVERSION = YES;
				CLANG_WARN_NON_LITERAL_NULL_CONVERSION = YES;
				CLANG_WARN_OBJC_IMPLICIT_RETAIN_SELF = YES;
				CLANG_WARN_OBJC_LITERAL_CONVERSION = YES;
				CLANG_WARN_OBJC_ROOT_CLASS = YES_ERROR;
				CLANG_WARN_RANGE_LOOP_ANALYSIS = YES;
				CLANG_WARN_STRICT_PROTOTYPES = YES;
				CLANG_WARN_SUSPICIOUS_MOVE = YES;
				CLANG_WARN_UNGUARDED_AVAILABILITY = YES_AGGRESSIVE;
				CLANG_WARN_UNREACHABLE_CODE = YES;
				CLANG_WARN__DUPLICATE_METHOD_MATCH = YES;
				CODE_SIGN_IDENTITY = "iPhone Developer";
				COPY_PHASE_STRIP = NO;
				DEBUG_INFORMATION_FORMAT = "dwarf-with-dsym";
				ENABLE_NS_ASSERTIONS = NO;
				ENABLE_STRICT_OBJC_MSGSEND = YES;
				GCC_C_LANGUAGE_STANDARD = gnu11;
				GCC_NO_COMMON_BLOCKS = YES;
				GCC_WARN_64_TO_32_BIT_CONVERSION = YES;
				GCC_WARN_ABOUT_RETURN_TYPE = YES_ERROR;
				GCC_WARN_UNDECLARED_SELECTOR = YES;
				GCC_WARN_UNINITIALIZED_AUTOS = YES_AGGRESSIVE;
				GCC_WARN_UNUSED_FUNCTION = YES;
				GCC_WARN_UNUSED_VARIABLE = YES;
				IPHONEOS_DEPLOYMENT_TARGET = 12.1;
				MTL_ENABLE_DEBUG_INFO = NO;
				MTL_FAST_MATH = YES;
				SDKROOT = iphoneos;
				SWIFT_COMPILATION_MODE = wholemodule;
				SWIFT_OPTIMIZATION_LEVEL = "-O";
				VALIDATE_PRODUCT = YES;
			};
			name = Release;
		};
		59C2ECD5220CD820002CA2F8 /* Debug */ = {
			isa = XCBuildConfiguration;
			baseConfigurationReference = 4F59417BEE85376A66B2CA5A /* Pods-EagleSwap.debug.xcconfig */;
			buildSettings = {
				ASSETCATALOG_COMPILER_APPICON_NAME = AppIcon;
				CODE_SIGN_STYLE = Automatic;
				INFOPLIST_FILE = EagleSwap/Info.plist;
				LD_RUNPATH_SEARCH_PATHS = (
					"$(inherited)",
					"@executable_path/Frameworks",
				);
				PRODUCT_BUNDLE_IDENTIFIER = "Jack-Antico.EagleSwap";
				PRODUCT_NAME = "$(TARGET_NAME)";
				SWIFT_VERSION = 4.2;
				TARGETED_DEVICE_FAMILY = "1,2";
			};
			name = Debug;
		};
		59C2ECD6220CD820002CA2F8 /* Release */ = {
			isa = XCBuildConfiguration;
			baseConfigurationReference = 4634C29CE4CF693BD8A7D80B /* Pods-EagleSwap.release.xcconfig */;
			buildSettings = {
				ASSETCATALOG_COMPILER_APPICON_NAME = AppIcon;
				CODE_SIGN_STYLE = Automatic;
				INFOPLIST_FILE = EagleSwap/Info.plist;
				LD_RUNPATH_SEARCH_PATHS = (
					"$(inherited)",
					"@executable_path/Frameworks",
				);
				PRODUCT_BUNDLE_IDENTIFIER = "Jack-Antico.EagleSwap";
				PRODUCT_NAME = "$(TARGET_NAME)";
				SWIFT_VERSION = 4.2;
				TARGETED_DEVICE_FAMILY = "1,2";
			};
			name = Release;
		};
		59C2ECD8220CD820002CA2F8 /* Debug */ = {
			isa = XCBuildConfiguration;
			buildSettings = {
				ALWAYS_EMBED_SWIFT_STANDARD_LIBRARIES = YES;
				BUNDLE_LOADER = "$(TEST_HOST)";
				CODE_SIGN_STYLE = Automatic;
				INFOPLIST_FILE = EagleSwapTests/Info.plist;
				LD_RUNPATH_SEARCH_PATHS = (
					"$(inherited)",
					"@executable_path/Frameworks",
					"@loader_path/Frameworks",
				);
				PRODUCT_BUNDLE_IDENTIFIER = "Jack-Antico.EagleSwapTests";
				PRODUCT_NAME = "$(TARGET_NAME)";
				SWIFT_VERSION = 4.2;
				TARGETED_DEVICE_FAMILY = "1,2";
				TEST_HOST = "$(BUILT_PRODUCTS_DIR)/EagleSwap.app/EagleSwap";
			};
			name = Debug;
		};
		59C2ECD9220CD820002CA2F8 /* Release */ = {
			isa = XCBuildConfiguration;
			buildSettings = {
				ALWAYS_EMBED_SWIFT_STANDARD_LIBRARIES = YES;
				BUNDLE_LOADER = "$(TEST_HOST)";
				CODE_SIGN_STYLE = Automatic;
				INFOPLIST_FILE = EagleSwapTests/Info.plist;
				LD_RUNPATH_SEARCH_PATHS = (
					"$(inherited)",
					"@executable_path/Frameworks",
					"@loader_path/Frameworks",
				);
				PRODUCT_BUNDLE_IDENTIFIER = "Jack-Antico.EagleSwapTests";
				PRODUCT_NAME = "$(TARGET_NAME)";
				SWIFT_VERSION = 4.2;
				TARGETED_DEVICE_FAMILY = "1,2";
				TEST_HOST = "$(BUILT_PRODUCTS_DIR)/EagleSwap.app/EagleSwap";
			};
			name = Release;
		};
		59C2ECDB220CD820002CA2F8 /* Debug */ = {
			isa = XCBuildConfiguration;
			buildSettings = {
				ALWAYS_EMBED_SWIFT_STANDARD_LIBRARIES = YES;
				CODE_SIGN_STYLE = Automatic;
				INFOPLIST_FILE = EagleSwapUITests/Info.plist;
				LD_RUNPATH_SEARCH_PATHS = (
					"$(inherited)",
					"@executable_path/Frameworks",
					"@loader_path/Frameworks",
				);
				PRODUCT_BUNDLE_IDENTIFIER = "Jack-Antico.EagleSwapUITests";
				PRODUCT_NAME = "$(TARGET_NAME)";
				SWIFT_VERSION = 4.2;
				TARGETED_DEVICE_FAMILY = "1,2";
				TEST_TARGET_NAME = EagleSwap;
			};
			name = Debug;
		};
		59C2ECDC220CD820002CA2F8 /* Release */ = {
			isa = XCBuildConfiguration;
			buildSettings = {
				ALWAYS_EMBED_SWIFT_STANDARD_LIBRARIES = YES;
				CODE_SIGN_STYLE = Automatic;
				INFOPLIST_FILE = EagleSwapUITests/Info.plist;
				LD_RUNPATH_SEARCH_PATHS = (
					"$(inherited)",
					"@executable_path/Frameworks",
					"@loader_path/Frameworks",
				);
				PRODUCT_BUNDLE_IDENTIFIER = "Jack-Antico.EagleSwapUITests";
				PRODUCT_NAME = "$(TARGET_NAME)";
				SWIFT_VERSION = 4.2;
				TARGETED_DEVICE_FAMILY = "1,2";
				TEST_TARGET_NAME = EagleSwap;
			};
			name = Release;
		};
/* End XCBuildConfiguration section */

/* Begin XCConfigurationList section */
		59C2ECA7220CD81A002CA2F8 /* Build configuration list for PBXProject "EagleSwap" */ = {
			isa = XCConfigurationList;
			buildConfigurations = (
				59C2ECD2220CD820002CA2F8 /* Debug */,
				59C2ECD3220CD820002CA2F8 /* Release */,
			);
			defaultConfigurationIsVisible = 0;
			defaultConfigurationName = Release;
		};
		59C2ECD4220CD820002CA2F8 /* Build configuration list for PBXNativeTarget "EagleSwap" */ = {
			isa = XCConfigurationList;
			buildConfigurations = (
				59C2ECD5220CD820002CA2F8 /* Debug */,
				59C2ECD6220CD820002CA2F8 /* Release */,
			);
			defaultConfigurationIsVisible = 0;
			defaultConfigurationName = Release;
		};
		59C2ECD7220CD820002CA2F8 /* Build configuration list for PBXNativeTarget "EagleSwapTests" */ = {
			isa = XCConfigurationList;
			buildConfigurations = (
				59C2ECD8220CD820002CA2F8 /* Debug */,
				59C2ECD9220CD820002CA2F8 /* Release */,
			);
			defaultConfigurationIsVisible = 0;
			defaultConfigurationName = Release;
		};
		59C2ECDA220CD820002CA2F8 /* Build configuration list for PBXNativeTarget "EagleSwapUITests" */ = {
			isa = XCConfigurationList;
			buildConfigurations = (
				59C2ECDB220CD820002CA2F8 /* Debug */,
				59C2ECDC220CD820002CA2F8 /* Release */,
			);
			defaultConfigurationIsVisible = 0;
			defaultConfigurationName = Release;
		};
/* End XCConfigurationList section */
	};
	rootObject = 59C2ECA4220CD81A002CA2F8 /* Project object */;
}
